<?xml version="1.0" encoding="UTF-8" standalone="yes" ?>
<CodeBlocks_project_file>
	<FileVersion major="1" minor="6" />
	<Project>
		<Option title="Final" />
		<Option pch_mode="2" />
		<Option compiler="gcc" />
		<Build>
			<Target title="Debug">
				<Option output="bin/Debug/Final" prefix_auto="1" extension_auto="1" />
				<Option object_output="obj/Debug/" />
				<Option type="1" />
				<Option compiler="gcc" />
				<Compiler>
					<Add option="-g" />
					<Add directory="include" />
					<Add directory="." />
					<Add directory="tau" />
					<Add directory="./" />
					<Add directory="/" />
				</Compiler>
				<Linker>
					<Add library="sfml-graphics-d" />
					<Add library="sfml-window-d" />
					<Add library="sfml-system-d" />
				</Linker>
			</Target>
			<Target title="Release">
				<Option output="bin/Release/Final" prefix_auto="1" extension_auto="1" />
				<Option object_output="obj/Release/" />
				<Option type="0" />
				<Option compiler="gcc" />
				<Compiler>
					<Add option="-O2" />
					<Add directory="include" />
				</Compiler>
				<Linker>
					<Add option="-s" />
					<Add library="sfml-graphics" />
					<Add library="sfml-window" />
					<Add library="sfml-system" />
				</Linker>
			</Target>
		</Build>
		<Compiler>
			<Add option="-Wall" />
			<Add directory="E:/Descargas/SFML-2.5.1/include" />
		</Compiler>
		<Linker>
			<Add library="mingw32" />
			<Add library="user32" />
			<Add library="gdi32" />
			<Add library="winmm" />
			<Add library="dxguid" />
			<Add library="E:/Descargas/SFML-2.5.1/lib/libsfml-audio.a" />
			<Add library="E:/Descargas/SFML-2.5.1/lib/libsfml-audio-d.a" />
			<Add library="E:/Descargas/SFML-2.5.1/lib/libsfml-audio-s.a" />
			<Add library="E:/Descargas/SFML-2.5.1/lib/libsfml-audio-s-d.a" />
			<Add directory="E:/Descargas/SFML-2.5.1/lib" />
		</Linker>
		<Unit filename="include/Bullet.h" />
		<Unit filename="include/Enemy.h" />
		<Unit filename="include/Game.h" />
		<Unit filename="include/Player.h" />
		<Unit filename="include/UISounds.h" />
		<Unit filename="main.cpp" />
		<Unit filename="src/Bullet.cpp" />
		<Unit filename="src/Enemy.cpp" />
		<Unit filename="src/Game.cpp" />
		<Unit filename="src/Player.cpp" />
		<Unit filename="src/UISounds.cpp" />
		<Unit filename="tau/tau.h" />
		<Extensions>
			<lib_finder disable_auto="1" />
		</Extensions>
	</Project>
</CodeBlocks_project_file>
